
Microsoft Visual Studio Solution File, Format Version 12.00
# Visual Studio 15
VisualStudioVersion = 15.0.28307.168
MinimumVisualStudioVersion = 10.0.40219.1
Project("{FAE04EC0-301F-11D3-BF4B-00C04F79EFBC}") = "BigHits", "BigHits\BigHits.csproj", "{6FAD8770-19C4-439D-87D6-5699D9B5645C}"
EndProject
Global
	GlobalSection(SolutionConfigurationPlatforms) = preSolution
		Debug|Any CPU = Debug|Any CPU
		Release|Any CPU = Release|Any CPU
	EndGlobalSection
	GlobalSection(ProjectConfigurationPlatforms) = postSolution
		{6FAD8770-19C4-439D-87D6-5699D9B5645C}.Debug|Any CPU.ActiveCfg = Debug|Any CPU
		{6FAD8770-19C4-439D-87D6-5699D9B5645C}.Debug|Any CPU.Build.0 = Debug|Any CPU
		{6FAD8770-19C4-439D-87D6-5699D9B5645C}.Release|Any CPU.ActiveCfg = Release|Any CPU
		{6FAD8770-19C4-439D-87D6-5699D9B5645C}.Release|Any CPU.Build.0 = Release|Any CPU
	EndGlobalSection
	GlobalSection(SolutionProperties) = preSolution
		HideSolutionNode = FALSE
	EndGlobalSection
	GlobalSection(ExtensibilityGlobals) = postSolution
		SolutionGuid = {3896AD32-E08A-48F7-BD0C-C7EB31DB8F7C}
	EndGlobalSection
EndGlobal
